Microsoft Visual Studio Solution File, Format Version 12.00
# Visual Studio Version 17
VisualStudioVersion = 17.5.2.0
MinimumVisualStudioVersion = 10.0.40219.1
Project("{2150E333-8FDC-42A3-9474-1A3956D46DE8}") = "backend", "backend", "{1AE8ACA6-933B-BF2A-3671-3E2EAC007D16}"
EndProject
Project("{FAE04EC0-301F-11D3-BF4B-00C04F79EFBC}") = "LionPark.Api", "backend\LionPark.Api\LionPark.Api.csproj", "{64FBF017-2254-ADA3-7D93-8D127A621BDD}"
EndProject
Project("{FAE04EC0-301F-11D3-BF4B-00C04F79EFBC}") = "LionPark.Application", "backend\LionPark.Application\LionPark.Application.csproj", "{45EADA2B-0FC4-9C38-0FCB-AB75E48DAFFD}"
EndProject
Project("{FAE04EC0-301F-11D3-BF4B-00C04F79EFBC}") = "LionPark.Domain", "backend\LionPark.Domain\LionPark.Domain.csproj", "{9C78215A-6482-3F76-712C-17D1B6A6A10F}"
EndProject
Project("{FAE04EC0-301F-11D3-BF4B-00C04F79EFBC}") = "LionPark.Infrastructure", "backend\LionPark.Infrastructure\LionPark.Infrastructure.csproj", "{7741BD84-E077-48FE-4A72-476CDA38E5E8}"
EndProject
Global
	GlobalSection(SolutionConfigurationPlatforms) = preSolution
		Debug|Any CPU = Debug|Any CPU
		Release|Any CPU = Release|Any CPU
	EndGlobalSection
	GlobalSection(ProjectConfigurationPlatforms) = postSolution
		{64FBF017-2254-ADA3-7D93-8D127A621BDD}.Debug|Any CPU.ActiveCfg = Debug|Any CPU
		{64FBF017-2254-ADA3-7D93-8D127A621BDD}.Debug|Any CPU.Build.0 = Debug|Any CPU
		{64FBF017-2254-ADA3-7D93-8D127A621BDD}.Release|Any CPU.ActiveCfg = Release|Any CPU
		{64FBF017-2254-ADA3-7D93-8D127A621BDD}.Release|Any CPU.Build.0 = Release|Any CPU
		{45EADA2B-0FC4-9C38-0FCB-AB75E48DAFFD}.Debug|Any CPU.ActiveCfg = Debug|Any CPU
		{45EADA2B-0FC4-9C38-0FCB-AB75E48DAFFD}.Debug|Any CPU.Build.0 = Debug|Any CPU
		{45EADA2B-0FC4-9C38-0FCB-AB75E48DAFFD}.Release|Any CPU.ActiveCfg = Release|Any CPU
		{45EADA2B-0FC4-9C38-0FCB-AB75E48DAFFD}.Release|Any CPU.Build.0 = Release|Any CPU
		{9C78215A-6482-3F76-712C-17D1B6A6A10F}.Debug|Any CPU.ActiveCfg = Debug|Any CPU
		{9C78215A-6482-3F76-712C-17D1B6A6A10F}.Debug|Any CPU.Build.0 = Debug|Any CPU
		{9C78215A-6482-3F76-712C-17D1B6A6A10F}.Release|Any CPU.ActiveCfg = Release|Any CPU
		{9C78215A-6482-3F76-712C-17D1B6A6A10F}.Release|Any CPU.Build.0 = Release|Any CPU
		{7741BD84-E077-48FE-4A72-476CDA38E5E8}.Debug|Any CPU.ActiveCfg = Debug|Any CPU
		{7741BD84-E077-48FE-4A72-476CDA38E5E8}.Debug|Any CPU.Build.0 = Debug|Any CPU
		{7741BD84-E077-48FE-4A72-476CDA38E5E8}.Release|Any CPU.ActiveCfg = Release|Any CPU
		{7741BD84-E077-48FE-4A72-476CDA38E5E8}.Release|Any CPU.Build.0 = Release|Any CPU
	EndGlobalSection
	GlobalSection(SolutionProperties) = preSolution
		HideSolutionNode = FALSE
	EndGlobalSection
	GlobalSection(NestedProjects) = preSolution
		{64FBF017-2254-ADA3-7D93-8D127A621BDD} = {1AE8ACA6-933B-BF2A-3671-3E2EAC007D16}
		{45EADA2B-0FC4-9C38-0FCB-AB75E48DAFFD} = {1AE8ACA6-933B-BF2A-3671-3E2EAC007D16}
		{9C78215A-6482-3F76-712C-17D1B6A6A10F} = {1AE8ACA6-933B-BF2A-3671-3E2EAC007D16}
		{7741BD84-E077-48FE-4A72-476CDA38E5E8} = {1AE8ACA6-933B-BF2A-3671-3E2EAC007D16}
	EndGlobalSection
	GlobalSection(ExtensibilityGlobals) = postSolution
		SolutionGuid = {5C355458-D081-4208-AD71-650CC34851C0}
	EndGlobalSection
EndGlobal
